
Microsoft Visual Studio Solution File, Format Version 12.00
# Visual Studio Version 17
VisualStudioVersion = 17.4.33213.308
MinimumVisualStudioVersion = 10.0.40219.1
Project("{FAE04EC0-301F-11D3-BF4B-00C04F79EFBC}") = "MiddlewareExample.Middlewares", "CustomMiddleware\MiddlewareExample.Middlewares.csproj", "{50EE5E1B-E882-444D-A701-AC1D37CE1C9A}"
EndProject
Project("{FAE04EC0-301F-11D3-BF4B-00C04F79EFBC}") = "MiddlewareExample.Middlewares.Tests", "MiddlewareExample.Middlewares.Tests\MiddlewareExample.Middlewares.Tests.csproj", "{A503B20B-AABD-4656-85EC-B358C4F7884B}"
EndProject
Global
	GlobalSection(SolutionConfigurationPlatforms) = preSolution
		Debug|Any CPU = Debug|Any CPU
		Release|Any CPU = Release|Any CPU
	EndGlobalSection
	GlobalSection(ProjectConfigurationPlatforms) = postSolution
		{50EE5E1B-E882-444D-A701-AC1D37CE1C9A}.Debug|Any CPU.ActiveCfg = Debug|Any CPU
		{50EE5E1B-E882-444D-A701-AC1D37CE1C9A}.Debug|Any CPU.Build.0 = Debug|Any CPU
		{50EE5E1B-E882-444D-A701-AC1D37CE1C9A}.Release|Any CPU.ActiveCfg = Release|Any CPU
		{50EE5E1B-E882-444D-A701-AC1D37CE1C9A}.Release|Any CPU.Build.0 = Release|Any CPU
		{A503B20B-AABD-4656-85EC-B358C4F7884B}.Debug|Any CPU.ActiveCfg = Debug|Any CPU
		{A503B20B-AABD-4656-85EC-B358C4F7884B}.Debug|Any CPU.Build.0 = Debug|Any CPU
		{A503B20B-AABD-4656-85EC-B358C4F7884B}.Release|Any CPU.ActiveCfg = Release|Any CPU
		{A503B20B-AABD-4656-85EC-B358C4F7884B}.Release|Any CPU.Build.0 = Release|Any CPU
	EndGlobalSection
	GlobalSection(SolutionProperties) = preSolution
		HideSolutionNode = FALSE
	EndGlobalSection
	GlobalSection(ExtensibilityGlobals) = postSolution
		SolutionGuid = {3DCF2D92-6C38-4BB3-9F4E-8019CD2DB3C4}
	EndGlobalSection
EndGlobal
